// !$*UTF8*$!
{
	archiveVersion = 1;
	classes = {
	};
	objectVersion = 56;
	objects = {

/* Begin PBXBuildFile section */
		BBFC2652291C984500410CE5 /* AppDelegate.swift in Sources */ = {isa = PBXBuildFile; fileRef = BBFC2651291C984500410CE5 /* AppDelegate.swift */; };
		BBFC2654291C984500410CE5 /* SceneDelegate.swift in Sources */ = {isa = PBXBuildFile; fileRef = BBFC2653291C984500410CE5 /* SceneDelegate.swift */; };
		BBFC2656291C984500410CE5 /* ViewController.swift in Sources */ = {isa = PBXBuildFile; fileRef = BBFC2655291C984500410CE5 /* ViewController.swift */; };
		BBFC2659291C984500410CE5 /* Main.storyboard in Resources */ = {isa = PBXBuildFile; fileRef = BBFC2657291C984500410CE5 /* Main.storyboard */; };
		BBFC265B291C984500410CE5 /* Assets.xcassets in Resources */ = {isa = PBXBuildFile; fileRef = BBFC265A291C984500410CE5 /* Assets.xcassets */; };
		BBFC265E291C984500410CE5 /* LaunchScreen.storyboard in Resources */ = {isa = PBXBuildFile; fileRef = BBFC265C291C984500410CE5 /* LaunchScreen.storyboard */; };
		BBFC2668291CB72C00410CE5 /* CompanyQuote.swift in Sources */ = {isa = PBXBuildFile; fileRef = BBFC2667291CB72C00410CE5 /* CompanyQuote.swift */; };
		DD03DE8CCEDD97C062D965C9 /* Pods_PromiseExample.framework in Frameworks */ = {isa = PBXBuildFile; fileRef = 32C0BDFFD582E8BCE00D72AF /* Pods_PromiseExample.framework */; };
/* End PBXBuildFile section */

/* Begin PBXFileReference section */
		32C0BDFFD582E8BCE00D72AF /* Pods_PromiseExample.framework */ = {isa = PBXFileReference; explicitFileType = wrapper.framework; includeInIndex = 0; path = Pods_PromiseExample.framework; sourceTree = BUILT_PRODUCTS_DIR; };
		4730E6E6C8CE6ABEF2A0272C /* Pods-PromiseExample.release.xcconfig */ = {isa = PBXFileReference; includeInIndex = 1; lastKnownFileType = text.xcconfig; name = "Pods-PromiseExample.release.xcconfig"; path = "Target Support Files/Pods-PromiseExample/Pods-PromiseExample.release.xcconfig"; sourceTree = "<group>"; };
		BBFC264E291C984400410CE5 /* PromiseExample.app */ = {isa = PBXFileReference; explicitFileType = wrapper.application; includeInIndex = 0; path = PromiseExample.app; sourceTree = BUILT_PRODUCTS_DIR; };
		BBFC2651291C984500410CE5 /* AppDelegate.swift */ = {isa = PBXFileReference; lastKnownFileType = sourcecode.swift; path = AppDelegate.swift; sourceTree = "<group>"; };
		BBFC2653291C984500410CE5 /* SceneDelegate.swift */ = {isa = PBXFileReference; lastKnownFileType = sourcecode.swift; path = SceneDelegate.swift; sourceTree = "<group>"; };
		BBFC2655291C984500410CE5 /* ViewController.swift */ = {isa = PBXFileReference; lastKnownFileType = sourcecode.swift; path = ViewController.swift; sourceTree = "<group>"; };
		BBFC2658291C984500410CE5 /* Base */ = {isa = PBXFileReference; lastKnownFileType = file.storyboard; name = Base; path = Base.lproj/Main.storyboard; sourceTree = "<group>"; };
		BBFC265A291C984500410CE5 /* Assets.xcassets */ = {isa = PBXFileReference; lastKnownFileType = folder.assetcatalog; path = Assets.xcassets; sourceTree = "<group>"; };
		BBFC265D291C984500410CE5 /* Base */ = {isa = PBXFileReference; lastKnownFileType = file.storyboard; name = Base; path = Base.lproj/LaunchScreen.storyboard; sourceTree = "<group>"; };
		BBFC265F291C984500410CE5 /* Info.plist */ = {isa = PBXFileReference; lastKnownFileType = text.plist.xml; path = Info.plist; sourceTree = "<group>"; };
		BBFC2667291CB72C00410CE5 /* CompanyQuote.swift */ = {isa = PBXFileReference; lastKnownFileType = sourcecode.swift; path = CompanyQuote.swift; sourceTree = "<group>"; };
		FA6B88EE3B05D1D03164E68B /* Pods-PromiseExample.debug.xcconfig */ = {isa = PBXFileReference; includeInIndex = 1; lastKnownFileType = text.xcconfig; name = "Pods-PromiseExample.debug.xcconfig"; path = "Target Support Files/Pods-PromiseExample/Pods-PromiseExample.debug.xcconfig"; sourceTree = "<group>"; };
/* End PBXFileReference section */

/* Begin PBXFrameworksBuildPhase section */
		BBFC264B291C984400410CE5 /* Frameworks */ = {
			isa = PBXFrameworksBuildPhase;
			buildActionMask = 2147483647;
			files = (
				DD03DE8CCEDD97C062D965C9 /* Pods_PromiseExample.framework in Frameworks */,
			);
			runOnlyForDeploymentPostprocessing = 0;
		};
/* End PBXFrameworksBuildPhase section */

/* Begin PBXGroup section */
		0F883DF626B0A7D947137BE1 /* Frameworks */ = {
			isa = PBXGroup;
			children = (
				32C0BDFFD582E8BCE00D72AF /* Pods_PromiseExample.framework */,
			);
			name = Frameworks;
			sourceTree = "<group>";
		};
		7D9E7406226D9FCDE307CC99 /* Pods */ = {
			isa = PBXGroup;
			children = (
				FA6B88EE3B05D1D03164E68B /* Pods-PromiseExample.debug.xcconfig */,
				4730E6E6C8CE6ABEF2A0272C /* Pods-PromiseExample.release.xcconfig */,
			);
			path = Pods;
			sourceTree = "<group>";
		};
		BBFC2645291C984400410CE5 = {
			isa = PBXGroup;
			children = (
				BBFC2650291C984400410CE5 /* PromiseExample */,
				BBFC264F291C984400410CE5 /* Products */,
				7D9E7406226D9FCDE307CC99 /* Pods */,
				0F883DF626B0A7D947137BE1 /* Frameworks */,
			);
			sourceTree = "<group>";
		};
		BBFC264F291C984400410CE5 /* Products */ = {
			isa = PBXGroup;
			children = (
				BBFC264E291C984400410CE5 /* PromiseExample.app */,
			);
			name = Products;
			sourceTree = "<group>";
		};
		BBFC2650291C984400410CE5 /* PromiseExample */ = {
			isa = PBXGroup;
			children = (
				BBFC2651291C984500410CE5 /* AppDelegate.swift */,
				BBFC2653291C984500410CE5 /* SceneDelegate.swift */,
				BBFC2655291C984500410CE5 /* ViewController.swift */,
				BBFC2657291C984500410CE5 /* Main.storyboard */,
				BBFC265A291C984500410CE5 /* Assets.xcassets */,
				BBFC265C291C984500410CE5 /* LaunchScreen.storyboard */,
				BBFC265F291C984500410CE5 /* Info.plist */,
				BBFC2667291CB72C00410CE5 /* CompanyQuote.swift */,
			);
			path = PromiseExample;
			sourceTree = "<group>";
		};
/* End PBXGroup section */

/* Begin PBXNativeTarget section */
		BBFC264D291C984400410CE5 /* PromiseExample */ = {
			isa = PBXNativeTarget;
			buildConfigurationList = BBFC2662291C984500410CE5 /* Build configuration list for PBXNativeTarget "PromiseExample" */;
			buildPhases = (
				B3B51BC1570C0A3E39AB085B /* [CP] Check Pods Manifest.lock */,
				BBFC264A291C984400410CE5 /* Sources */,
				BBFC264B291C984400410CE5 /* Frameworks */,
				BBFC264C291C984400410CE5 /* Resources */,
				C66D92CD6CF8259D2B68AA6A /* [CP] Embed Pods Frameworks */,
			);
			buildRules = (
			);
			dependencies = (
			);
			name = PromiseExample;
			productName = PromiseExample;
			productReference = BBFC264E291C984400410CE5 /* PromiseExample.app */;
			productType = "com.apple.product-type.application";
		};
/* End PBXNativeTarget section */

/* Begin PBXProject section */
		BBFC2646291C984400410CE5 /* Project object */ = {
			isa = PBXProject;
			attributes = {
				BuildIndependentTargetsInParallel = 1;
				LastSwiftUpdateCheck = 1410;
				LastUpgradeCheck = 1410;
				TargetAttributes = {
					BBFC264D291C984400410CE5 = {
						CreatedOnToolsVersion = 14.1;
					};
				};
			};
			buildConfigurationList = BBFC2649291C984400410CE5 /* Build configuration list for PBXProject "PromiseExample" */;
			compatibilityVersion = "Xcode 14.0";
			developmentRegion = en;
			hasScannedForEncodings = 0;
			knownRegions = (
				en,
				Base,
			);
			mainGroup = BBFC2645291C984400410CE5;
			productRefGroup = BBFC264F291C984400410CE5 /* Products */;
			projectDirPath = "";
			projectRoot = "";
			targets = (
				BBFC264D291C984400410CE5 /* PromiseExample */,
			);
		};
/* End PBXProject section */

/* Begin PBXResourcesBuildPhase section */
		BBFC264C291C984400410CE5 /* Resources */ = {
			isa = PBXResourcesBuildPhase;
			buildActionMask = 2147483647;
			files = (
				BBFC265E291C984500410CE5 /* LaunchScreen.storyboard in Resources */,
				BBFC265B291C984500410CE5 /* Assets.xcassets in Resources */,
				BBFC2659291C984500410CE5 /* Main.storyboard in Resources */,
			);
			runOnlyForDeploymentPostprocessing = 0;
		};
/* End PBXResourcesBuildPhase section */

/* Begin PBXShellScriptBuildPhase section */
		B3B51BC1570C0A3E39AB085B /* [CP] Check Pods Manifest.lock */ = {
			isa = PBXShellScriptBuildPhase;
			buildActionMask = 2147483647;
			files = (
			);
			inputFileListPaths = (
			);
			inputPaths = (
				"${PODS_PODFILE_DIR_PATH}/Podfile.lock",
				"${PODS_ROOT}/Manifest.lock",
			);
			name = "[CP] Check Pods Manifest.lock";
			outputFileListPaths = (
			);
			outputPaths = (
				"$(DERIVED_FILE_DIR)/Pods-PromiseExample-checkManifestLockResult.txt",
			);
			runOnlyForDeploymentPostprocessing = 0;
			shellPath = /bin/sh;
			shellScript = "diff \"${PODS_PODFILE_DIR_PATH}/Podfile.lock\" \"${PODS_ROOT}/Manifest.lock\" > /dev/null\nif [ $? != 0 ] ; then\n    # print error to STDERR\n    echo \"error: The sandbox is not in sync with the Podfile.lock. Run 'pod install' or update your CocoaPods installation.\" >&2\n    exit 1\nfi\n# This output is used by Xcode 'outputs' to avoid re-running this script phase.\necho \"SUCCESS\" > \"${SCRIPT_OUTPUT_FILE_0}\"\n";
			showEnvVarsInLog = 0;
		};
		C66D92CD6CF8259D2B68AA6A /* [CP] Embed Pods Frameworks */ = {
			isa = PBXShellScriptBuildPhase;
			buildActionMask = 2147483647;
			files = (
			);
			inputFileListPaths = (
				"${PODS_ROOT}/Target Support Files/Pods-PromiseExample/Pods-PromiseExample-frameworks-${CONFIGURATION}-input-files.xcfilelist",
			);
			name = "[CP] Embed Pods Frameworks";
			outputFileListPaths = (
				"${PODS_ROOT}/Target Support Files/Pods-PromiseExample/Pods-PromiseExample-frameworks-${CONFIGURATION}-output-files.xcfilelist",
			);
			runOnlyForDeploymentPostprocessing = 0;
			shellPath = /bin/sh;
			shellScript = "\"${PODS_ROOT}/Target Support Files/Pods-PromiseExample/Pods-PromiseExample-frameworks.sh\"\n";
			showEnvVarsInLog = 0;
		};
/* End PBXShellScriptBuildPhase section */

/* Begin PBXSourcesBuildPhase section */
		BBFC264A291C984400410CE5 /* Sources */ = {
			isa = PBXSourcesBuildPhase;
			buildActionMask = 2147483647;
			files = (
				BBFC2656291C984500410CE5 /* ViewController.swift in Sources */,
				BBFC2652291C984500410CE5 /* AppDelegate.swift in Sources */,
				BBFC2668291CB72C00410CE5 /* CompanyQuote.swift in Sources */,
				BBFC2654291C984500410CE5 /* SceneDelegate.swift in Sources */,
			);
			runOnlyForDeploymentPostprocessing = 0;
		};
/* End PBXSourcesBuildPhase section */

/* Begin PBXVariantGroup section */
		BBFC2657291C984500410CE5 /* Main.storyboard */ = {
			isa = PBXVariantGroup;
			children = (
				BBFC2658291C984500410CE5 /* Base */,
			);
			name = Main.storyboard;
			sourceTree = "<group>";
		};
		BBFC265C291C984500410CE5 /* LaunchScreen.storyboard */ = {
			isa = PBXVariantGroup;
			children = (
				BBFC265D291C984500410CE5 /* Base */,
			);
			name = LaunchScreen.storyboard;
			sourceTree = "<group>";
		};
/* End PBXVariantGroup section */

/* Begin XCBuildConfiguration section */
		BBFC2660291C984500410CE5 /* Debug */ = {
			isa = XCBuildConfiguration;
			buildSettings = {
				ALWAYS_SEARCH_USER_PATHS = NO;
				CLANG_ANALYZER_NONNULL = YES;
				CLANG_ANALYZER_NUMBER_OBJECT_CONVERSION = YES_AGGRESSIVE;
				CLANG_CXX_LANGUAGE_STANDARD = "gnu++20";
				CLANG_ENABLE_MODULES = YES;
				CLANG_ENABLE_OBJC_ARC = YES;
				CLANG_ENABLE_OBJC_WEAK = YES;
				CLANG_WARN_BLOCK_CAPTURE_AUTORELEASING = YES;
				CLANG_WARN_BOOL_CONVERSION = YES;
				CLANG_WARN_COMMA = YES;
				CLANG_WARN_CONSTANT_CONVERSION = YES;
				CLANG_WARN_DEPRECATED_OBJC_IMPLEMENTATIONS = YES;
				CLANG_WARN_DIRECT_OBJC_ISA_USAGE = YES_ERROR;
				CLANG_WARN_DOCUMENTATION_COMMENTS = YES;
				CLANG_WARN_EMPTY_BODY = YES;
				CLANG_WARN_ENUM_CONVERSION = YES;
				CLANG_WARN_INFINITE_RECURSION = YES;
				CLANG_WARN_INT_CONVERSION = YES;
				CLANG_WARN_NON_LITERAL_NULL_CONVERSION = YES;
				CLANG_WARN_OBJC_IMPLICIT_RETAIN_SELF = YES;
				CLANG_WARN_OBJC_LITERAL_CONVERSION = YES;
				CLANG_WARN_OBJC_ROOT_CLASS = YES_ERROR;
				CLANG_WARN_QUOTED_INCLUDE_IN_FRAMEWORK_HEADER = YES;
				CLANG_WARN_RANGE_LOOP_ANALYSIS = YES;
				CLANG_WARN_STRICT_PROTOTYPES = YES;
				CLANG_WARN_SUSPICIOUS_MOVE = YES;
				CLANG_WARN_UNGUARDED_AVAILABILITY = YES_AGGRESSIVE;
				CLANG_WARN_UNREACHABLE_CODE = YES;
				CLANG_WARN__DUPLICATE_METHOD_MATCH = YES;
				COPY_PHASE_STRIP = NO;
				DEBUG_INFORMATION_FORMAT = dwarf;
				ENABLE_STRICT_OBJC_MSGSEND = YES;
				ENABLE_TESTABILITY = YES;
				GCC_C_LANGUAGE_STANDARD = gnu11;
				GCC_DYNAMIC_NO_PIC = NO;
				GCC_NO_COMMON_BLOCKS = YES;
				GCC_OPTIMIZATION_LEVEL = 0;
				GCC_PREPROCESSOR_DEFINITIONS = (
					"DEBUG=1",
					"$(inherited)",
				);
				GCC_WARN_64_TO_32_BIT_CONVERSION = YES;
				GCC_WARN_ABOUT_RETURN_TYPE = YES_ERROR;
				GCC_WARN_UNDECLARED_SELECTOR = YES;
				GCC_WARN_UNINITIALIZED_AUTOS = YES_AGGRESSIVE;
				GCC_WARN_UNUSED_FUNCTION = YES;
				GCC_WARN_UNUSED_VARIABLE = YES;
				IPHONEOS_DEPLOYMENT_TARGET = 16.1;
				MTL_ENABLE_DEBUG_INFO = INCLUDE_SOURCE;
				MTL_FAST_MATH = YES;
				ONLY_ACTIVE_ARCH = YES;
				SDKROOT = iphoneos;
				SWIFT_ACTIVE_COMPILATION_CONDITIONS = DEBUG;
				SWIFT_OPTIMIZATION_LEVEL = "-Onone";
			};
			name = Debug;
		};
		BBFC2661291C984500410CE5 /* Release */ = {
			isa = XCBuildConfiguration;
			buildSettings = {
				ALWAYS_SEARCH_USER_PATHS = NO;
				CLANG_ANALYZER_NONNULL = YES;
				CLANG_ANALYZER_NUMBER_OBJECT_CONVERSION = YES_AGGRESSIVE;
				CLANG_CXX_LANGUAGE_STANDARD = "gnu++20";
				CLANG_ENABLE_MODULES = YES;
				CLANG_ENABLE_OBJC_ARC = YES;
				CLANG_ENABLE_OBJC_WEAK = YES;
				CLANG_WARN_BLOCK_CAPTURE_AUTORELEASING = YES;
				CLANG_WARN_BOOL_CONVERSION = YES;
				CLANG_WARN_COMMA = YES;
				CLANG_WARN_CONSTANT_CONVERSION = YES;
				CLANG_WARN_DEPRECATED_OBJC_IMPLEMENTATIONS = YES;
				CLANG_WARN_DIRECT_OBJC_ISA_USAGE = YES_ERROR;
				CLANG_WARN_DOCUMENTATION_COMMENTS = YES;
				CLANG_WARN_EMPTY_BODY = YES;
				CLANG_WARN_ENUM_CONVERSION = YES;
				CLANG_WARN_INFINITE_RECURSION = YES;
				CLANG_WARN_INT_CONVERSION = YES;
				CLANG_WARN_NON_LITERAL_NULL_CONVERSION = YES;
				CLANG_WARN_OBJC_IMPLICIT_RETAIN_SELF = YES;
				CLANG_WARN_OBJC_LITERAL_CONVERSION = YES;
				CLANG_WARN_OBJC_ROOT_CLASS = YES_ERROR;
				CLANG_WARN_QUOTED_INCLUDE_IN_FRAMEWORK_HEADER = YES;
				CLANG_WARN_RANGE_LOOP_ANALYSIS = YES;
				CLANG_WARN_STRICT_PROTOTYPES = YES;
				CLANG_WARN_SUSPICIOUS_MOVE = YES;
				CLANG_WARN_UNGUARDED_AVAILABILITY = YES_AGGRESSIVE;
				CLANG_WARN_UNREACHABLE_CODE = YES;
				CLANG_WARN__DUPLICATE_METHOD_MATCH = YES;
				COPY_PHASE_STRIP = NO;
				DEBUG_INFORMATION_FORMAT = "dwarf-with-dsym";
				ENABLE_NS_ASSERTIONS = NO;
				ENABLE_STRICT_OBJC_MSGSEND = YES;
				GCC_C_LANGUAGE_STANDARD = gnu11;
				GCC_NO_COMMON_BLOCKS = YES;
				GCC_WARN_64_TO_32_BIT_CONVERSION = YES;
				GCC_WARN_ABOUT_RETURN_TYPE = YES_ERROR;
				GCC_WARN_UNDECLARED_SELECTOR = YES;
				GCC_WARN_UNINITIALIZED_AUTOS = YES_AGGRESSIVE;
				GCC_WARN_UNUSED_FUNCTION = YES;
				GCC_WARN_UNUSED_VARIABLE = YES;
				IPHONEOS_DEPLOYMENT_TARGET = 16.1;
				MTL_ENABLE_DEBUG_INFO = NO;
				MTL_FAST_MATH = YES;
				SDKROOT = iphoneos;
				SWIFT_COMPILATION_MODE = wholemodule;
				SWIFT_OPTIMIZATION_LEVEL = "-O";
				VALIDATE_PRODUCT = YES;
			};
			name = Release;
		};
		BBFC2663291C984500410CE5 /* Debug */ = {
			isa = XCBuildConfiguration;
			baseConfigurationReference = FA6B88EE3B05D1D03164E68B /* Pods-PromiseExample.debug.xcconfig */;
			buildSettings = {
				ASSETCATALOG_COMPILER_APPICON_NAME = AppIcon;
				ASSETCATALOG_COMPILER_GLOBAL_ACCENT_COLOR_NAME = AccentColor;
				CODE_SIGN_STYLE = Automatic;
				CURRENT_PROJECT_VERSION = 1;
				DEVELOPMENT_TEAM = PVX7KZS4M6;
				GENERATE_INFOPLIST_FILE = YES;
				INFOPLIST_FILE = PromiseExample/Info.plist;
				INFOPLIST_KEY_UIApplicationSupportsIndirectInputEvents = YES;
				INFOPLIST_KEY_UILaunchStoryboardName = LaunchScreen;
				INFOPLIST_KEY_UIMainStoryboardFile = Main;
				INFOPLIST_KEY_UISupportedInterfaceOrientations_iPad = "UIInterfaceOrientationPortrait UIInterfaceOrientationPortraitUpsideDown UIInterfaceOrientationLandscapeLeft UIInterfaceOrientationLandscapeRight";
				INFOPLIST_KEY_UISupportedInterfaceOrientations_iPhone = "UIInterfaceOrientationPortrait UIInterfaceOrientationLandscapeLeft UIInterfaceOrientationLandscapeRight";
				LD_RUNPATH_SEARCH_PATHS = (
					"$(inherited)",
					"@executable_path/Frameworks",
				);
				MARKETING_VERSION = 1.0;
				PRODUCT_BUNDLE_IDENTIFIER = edu.northeastern.haotong.PromiseExample;
				PRODUCT_NAME = "$(TARGET_NAME)";
				SWIFT_EMIT_LOC_STRINGS = YES;
				SWIFT_VERSION = 5.0;
				TARGETED_DEVICE_FAMILY = "1,2";
			};
			name = Debug;
		};
		BBFC2664291C984500410CE5 /* Release */ = {
			isa = XCBuildConfiguration;
			baseConfigurationReference = 4730E6E6C8CE6ABEF2A0272C /* Pods-PromiseExample.release.xcconfig */;
			buildSettings = {
				ASSETCATALOG_COMPILER_APPICON_NAME = AppIcon;
				ASSETCATALOG_COMPILER_GLOBAL_ACCENT_COLOR_NAME = AccentColor;
				CODE_SIGN_STYLE = Automatic;
				CURRENT_PROJECT_VERSION = 1;
				DEVELOPMENT_TEAM = PVX7KZS4M6;
				GENERATE_INFOPLIST_FILE = YES;
				INFOPLIST_FILE = PromiseExample/Info.plist;
				INFOPLIST_KEY_UIApplicationSupportsIndirectInputEvents = YES;
				INFOPLIST_KEY_UILaunchStoryboardName = LaunchScreen;
				INFOPLIST_KEY_UIMainStoryboardFile = Main;
				INFOPLIST_KEY_UISupportedInterfaceOrientations_iPad = "UIInterfaceOrientationPortrait UIInterfaceOrientationPortraitUpsideDown UIInterfaceOrientationLandscapeLeft UIInterfaceOrientationLandscapeRight";
				INFOPLIST_KEY_UISupportedInterfaceOrientations_iPhone = "UIInterfaceOrientationPortrait UIInterfaceOrientationLandscapeLeft UIInterfaceOrientationLandscapeRight";
				LD_RUNPATH_SEARCH_PATHS = (
					"$(inherited)",
					"@executable_path/Frameworks",
				);
				MARKETING_VERSION = 1.0;
				PRODUCT_BUNDLE_IDENTIFIER = edu.northeastern.haotong.PromiseExample;
				PRODUCT_NAME = "$(TARGET_NAME)";
				SWIFT_EMIT_LOC_STRINGS = YES;
				SWIFT_VERSION = 5.0;
				TARGETED_DEVICE_FAMILY = "1,2";
			};
			name = Release;
		};
/* End XCBuildConfiguration section */

/* Begin XCConfigurationList section */
		BBFC2649291C984400410CE5 /* Build configuration list for PBXProject "PromiseExample" */ = {
			isa = XCConfigurationList;
			buildConfigurations = (
				BBFC2660291C984500410CE5 /* Debug */,
				BBFC2661291C984500410CE5 /* Release */,
			);
			defaultConfigurationIsVisible = 0;
			defaultConfigurationName = Release;
		};
		BBFC2662291C984500410CE5 /* Build configuration list for PBXNativeTarget "PromiseExample" */ = {
			isa = XCConfigurationList;
			buildConfigurations = (
				BBFC2663291C984500410CE5 /* Debug */,
				BBFC2664291C984500410CE5 /* Release */,
			);
			defaultConfigurationIsVisible = 0;
			defaultConfigurationName = Release;
		};
/* End XCConfigurationList section */
	};
	rootObject = BBFC2646291C984400410CE5 /* Project object */;
}
